
Microsoft Visual Studio Solution File, Format Version 12.00
# Visual Studio 15
VisualStudioVersion = 15.0.28307.572
MinimumVisualStudioVersion = 10.0.40219.1
Project("{FAE04EC0-301F-11D3-BF4B-00C04F79EFBC}") = "OOPGame", "OOPGame.csproj", "{D65B5B40-3409-4F1E-B661-80C75DB62EBE}"
EndProject
Global
	GlobalSection(SolutionConfigurationPlatforms) = preSolution
		Debug|Any CPU = Debug|Any CPU
		Release|Any CPU = Release|Any CPU
	EndGlobalSection
	GlobalSection(ProjectConfigurationPlatforms) = postSolution
		{D65B5B40-3409-4F1E-B661-80C75DB62EBE}.Debug|Any CPU.ActiveCfg = Debug|Any CPU
		{D65B5B40-3409-4F1E-B661-80C75DB62EBE}.Debug|Any CPU.Build.0 = Debug|Any CPU
		{D65B5B40-3409-4F1E-B661-80C75DB62EBE}.Release|Any CPU.ActiveCfg = Release|Any CPU
		{D65B5B40-3409-4F1E-B661-80C75DB62EBE}.Release|Any CPU.Build.0 = Release|Any CPU
	EndGlobalSection
	GlobalSection(SolutionProperties) = preSolution
		HideSolutionNode = FALSE
	EndGlobalSection
	GlobalSection(ExtensibilityGlobals) = postSolution
		SolutionGuid = {73505422-7386-44D9-85D4-E341D072D4E1}
	EndGlobalSection
EndGlobal
